
Microsoft Visual Studio Solution File, Format Version 12.00
# Visual Studio Version 16
VisualStudioVersion = 16.0.29709.97
MinimumVisualStudioVersion = 10.0.40219.1
Project("{888888A0-9F3D-457C-B088-3A5042F75D52}") = "iGEM2020", "iGEM2020.pyproj", "{A5BCBB2C-2D35-480B-8BC4-E2F4DE4E3DD5}"
EndProject
Global
	GlobalSection(SolutionConfigurationPlatforms) = preSolution
		Debug|Any CPU = Debug|Any CPU
		Release|Any CPU = Release|Any CPU
	EndGlobalSection
	GlobalSection(ProjectConfigurationPlatforms) = postSolution
		{A5BCBB2C-2D35-480B-8BC4-E2F4DE4E3DD5}.Debug|Any CPU.ActiveCfg = Debug|Any CPU
		{A5BCBB2C-2D35-480B-8BC4-E2F4DE4E3DD5}.Release|Any CPU.ActiveCfg = Release|Any CPU
	EndGlobalSection
	GlobalSection(SolutionProperties) = preSolution
		HideSolutionNode = FALSE
	EndGlobalSection
	GlobalSection(ExtensibilityGlobals) = postSolution
		SolutionGuid = {781949E9-2720-4DC1-8877-F0FB009D0171}
	EndGlobalSection
EndGlobal
